<?xml version="1.0" encoding="utf-8"?>
<Project ToolsVersion="4.0" xmlns="http://schemas.microsoft.com/developer/msbuild/2003">
  <ItemGroup>
    <Filter Include="Source Files">
      <UniqueIdentifier>{4FC737F1-C7A5-4376-A066-2A32D752A2FF}</UniqueIdentifier>
      <Extensions>cpp;c;cc;cxx;def;odl;idl;hpj;bat;asm;asmx</Extensions>
    </Filter>
    <Filter Include="Header Files">
      <UniqueIdentifier>{93995380-89BD-4b04-88EB-625FBE52EBFB}</UniqueIdentifier>
      <Extensions>h;hh;hpp;hxx;hm;inl;inc;xsd</Extensions>
    </Filter>
    <Filter Include="Resource Files">
      <UniqueIdentifier>{67DA6AB6-F800-4c08-8B7A-83BB121AAD01}</UniqueIdentifier>
      <Extensions>rc;ico;cur;bmp;dlg;rc2;rct;bin;rgs;gif;jpg;jpeg;jpe;resx;tiff;tif;png;wav;mfcribbon-ms</Extensions>
    </Filter>
    <Filter Include="TEST">
      <UniqueIdentifier>{17eae288-8083-45a3-8f5e-3b886435ab77}</UniqueIdentifier>
      <Extensions>ino</Extensions>
    </Filter>
  </ItemGroup>
  <ItemGroup>
    <None Include="Gitsy_simple.ino" />
    <None Include="TEST_EEPROMHelper.ino">
      <Filter>TEST</Filter>
    </None>
    <None Include="TEST_FIREBASEHelper.ino">
      <Filter>TEST</Filter>
    </None>
    <None Include="TEST_BLYNKHelper.ino">
      <Filter>TEST</Filter>
    </None>
    <None Include="TEST_WiFiHelper.ino">
      <Filter>TEST</Filter>
    </None>
    <None Include="TEST_NETWORK.ino">
      <Filter>TEST</Filter>
    </None>
  </ItemGroup>
  <ItemGroup>
    <ClInclude Include="__vm\.Gitsy_simple.vsarduino.h">
      <Filter>Header Files</Filter>
    </ClInclude>
    <ClInclude Include="DebugGitsy.h">
      <Filter>Header Files</Filter>
    </ClInclude>
    <ClInclude Include="Declarations.h">
      <Filter>Header Files</Filter>
    </ClInclude>
    <ClInclude Include="EEPROMHelper.h">
      <Filter>Header Files</Filter>
    </ClInclude>
    <ClInclude Include="FIREBASEHelper.h">
      <Filter>Header Files</Filter>
    </ClInclude>
    <ClInclude Include="BLYNKHelper.h">
      <Filter>Header Files</Filter>
    </ClInclude>
    <ClInclude Include="WIFIHelper.h">
      <Filter>Header Files</Filter>
    </ClInclude>
    <ClInclude Include="NETWORKHelper.h">
      <Filter>Header Files</Filter>
    </ClInclude>
    <ClInclude Include="gitsyVersion.h">
      <Filter>Header Files</Filter>
    </ClInclude>
  </ItemGroup>
  <ItemGroup>
    <ClCompile Include="EEPROMHelper.cpp">
      <Filter>Source Files</Filter>
    </ClCompile>
    <ClCompile Include="FIREBASEHelper.cpp">
      <Filter>Source Files</Filter>
    </ClCompile>
    <ClCompile Include="BLYNKHelper.cpp">
      <Filter>Source Files</Filter>
    </ClCompile>
    <ClCompile Include="WIFIHelper.cpp">
      <Filter>Source Files</Filter>
    </ClCompile>
    <ClCompile Include="NETWORKHelper.cpp">
      <Filter>Source Files</Filter>
    </ClCompile>
  </ItemGroup>
</Project>